// !$*UTF8*$!
{
	archiveVersion = 1;
	classes = {
	};
	objectVersion = 46;
	objects = {

/* Begin PBXBuildFile section */
		04B967E519CA457F003B3FED /* Foundation.framework in Frameworks */ = {isa = PBXBuildFile; fileRef = 04B967E419CA457F003B3FED /* Foundation.framework */; };
		04B967E719CA457F003B3FED /* CoreGraphics.framework in Frameworks */ = {isa = PBXBuildFile; fileRef = 04B967E619CA457F003B3FED /* CoreGraphics.framework */; };
		04B967E919CA457F003B3FED /* UIKit.framework in Frameworks */ = {isa = PBXBuildFile; fileRef = 04B967E819CA457F003B3FED /* UIKit.framework */; };
		04B967EF19CA457F003B3FED /* InfoPlist.strings in Resources */ = {isa = PBXBuildFile; fileRef = 04B967ED19CA457F003B3FED /* InfoPlist.strings */; };
		04B967F119CA457F003B3FED /* main.m in Sources */ = {isa = PBXBuildFile; fileRef = 04B967F019CA457F003B3FED /* main.m */; };
		04B967F519CA457F003B3FED /* DCAppDelegate.m in Sources */ = {isa = PBXBuildFile; fileRef = 04B967F419CA457F003B3FED /* DCAppDelegate.m */; };
		04B967F819CA457F003B3FED /* Main.storyboard in Resources */ = {isa = PBXBuildFile; fileRef = 04B967F619CA457F003B3FED /* Main.storyboard */; };
		04B967FB19CA457F003B3FED /* DCViewController.m in Sources */ = {isa = PBXBuildFile; fileRef = 04B967FA19CA457F003B3FED /* DCViewController.m */; };
		04B967FD19CA457F003B3FED /* Images.xcassets in Resources */ = {isa = PBXBuildFile; fileRef = 04B967FC19CA457F003B3FED /* Images.xcassets */; };
		04B9680419CA457F003B3FED /* XCTest.framework in Frameworks */ = {isa = PBXBuildFile; fileRef = 04B9680319CA457F003B3FED /* XCTest.framework */; };
		04B9680519CA457F003B3FED /* Foundation.framework in Frameworks */ = {isa = PBXBuildFile; fileRef = 04B967E419CA457F003B3FED /* Foundation.framework */; };
		04B9680619CA457F003B3FED /* UIKit.framework in Frameworks */ = {isa = PBXBuildFile; fileRef = 04B967E819CA457F003B3FED /* UIKit.framework */; };
		04B9680E19CA457F003B3FED /* InfoPlist.strings in Resources */ = {isa = PBXBuildFile; fileRef = 04B9680C19CA457F003B3FED /* InfoPlist.strings */; };
		04B9681019CA457F003B3FED /* Git_TestTests.m in Sources */ = {isa = PBXBuildFile; fileRef = 04B9680F19CA457F003B3FED /* Git_TestTests.m */; };
		04B9681B19CA4A7F003B3FED /* DCTest.m in Sources */ = {isa = PBXBuildFile; fileRef = 04B9681A19CA4A7F003B3FED /* DCTest.m */; };
/* End PBXBuildFile section */

/* Begin PBXContainerItemProxy section */
		04B9680719CA457F003B3FED /* PBXContainerItemProxy */ = {
			isa = PBXContainerItemProxy;
			containerPortal = 04B967D919CA457F003B3FED /* Project object */;
			proxyType = 1;
			remoteGlobalIDString = 04B967E019CA457F003B3FED;
			remoteInfo = "Git Test";
		};
/* End PBXContainerItemProxy section */

/* Begin PBXFileReference section */
		04B967E119CA457F003B3FED /* Git Test.app */ = {isa = PBXFileReference; explicitFileType = wrapper.application; includeInIndex = 0; path = "Git Test.app"; sourceTree = BUILT_PRODUCTS_DIR; };
		04B967E419CA457F003B3FED /* Foundation.framework */ = {isa = PBXFileReference; lastKnownFileType = wrapper.framework; name = Foundation.framework; path = System/Library/Frameworks/Foundation.framework; sourceTree = SDKROOT; };
		04B967E619CA457F003B3FED /* CoreGraphics.framework */ = {isa = PBXFileReference; lastKnownFileType = wrapper.framework; name = CoreGraphics.framework; path = System/Library/Frameworks/CoreGraphics.framework; sourceTree = SDKROOT; };
		04B967E819CA457F003B3FED /* UIKit.framework */ = {isa = PBXFileReference; lastKnownFileType = wrapper.framework; name = UIKit.framework; path = System/Library/Frameworks/UIKit.framework; sourceTree = SDKROOT; };
		04B967EC19CA457F003B3FED /* Git Test-Info.plist */ = {isa = PBXFileReference; lastKnownFileType = text.plist.xml; path = "Git Test-Info.plist"; sourceTree = "<group>"; };
		04B967EE19CA457F003B3FED /* en */ = {isa = PBXFileReference; lastKnownFileType = text.plist.strings; name = en; path = en.lproj/InfoPlist.strings; sourceTree = "<group>"; };
		04B967F019CA457F003B3FED /* main.m */ = {isa = PBXFileReference; lastKnownFileType = sourcecode.c.objc; path = main.m; sourceTree = "<group>"; };
		04B967F219CA457F003B3FED /* Git Test-Prefix.pch */ = {isa = PBXFileReference; lastKnownFileType = sourcecode.c.h; path = "Git Test-Prefix.pch"; sourceTree = "<group>"; };
		04B967F319CA457F003B3FED /* DCAppDelegate.h */ = {isa = PBXFileReference; lastKnownFileType = sourcecode.c.h; path = DCAppDelegate.h; sourceTree = "<group>"; };
		04B967F419CA457F003B3FED /* DCAppDelegate.m */ = {isa = PBXFileReference; lastKnownFileType = sourcecode.c.objc; path = DCAppDelegate.m; sourceTree = "<group>"; };
		04B967F719CA457F003B3FED /* Base */ = {isa = PBXFileReference; lastKnownFileType = file.storyboard; name = Base; path = Base.lproj/Main.storyboard; sourceTree = "<group>"; };
		04B967F919CA457F003B3FED /* DCViewController.h */ = {isa = PBXFileReference; lastKnownFileType = sourcecode.c.h; path = DCViewController.h; sourceTree = "<group>"; };
		04B967FA19CA457F003B3FED /* DCViewController.m */ = {isa = PBXFileReference; lastKnownFileType = sourcecode.c.objc; path = DCViewController.m; sourceTree = "<group>"; };
		04B967FC19CA457F003B3FED /* Images.xcassets */ = {isa = PBXFileReference; lastKnownFileType = folder.assetcatalog; path = Images.xcassets; sourceTree = "<group>"; };
		04B9680219CA457F003B3FED /* Git TestTests.xctest */ = {isa = PBXFileReference; explicitFileType = wrapper.cfbundle; includeInIndex = 0; path = "Git TestTests.xctest"; sourceTree = BUILT_PRODUCTS_DIR; };
		04B9680319CA457F003B3FED /* XCTest.framework */ = {isa = PBXFileReference; lastKnownFileType = wrapper.framework; name = XCTest.framework; path = Library/Frameworks/XCTest.framework; sourceTree = DEVELOPER_DIR; };
		04B9680B19CA457F003B3FED /* Git TestTests-Info.plist */ = {isa = PBXFileReference; lastKnownFileType = text.plist.xml; path = "Git TestTests-Info.plist"; sourceTree = "<group>"; };
		04B9680D19CA457F003B3FED /* en */ = {isa = PBXFileReference; lastKnownFileType = text.plist.strings; name = en; path = en.lproj/InfoPlist.strings; sourceTree = "<group>"; };
		04B9680F19CA457F003B3FED /* Git_TestTests.m */ = {isa = PBXFileReference; lastKnownFileType = sourcecode.c.objc; path = Git_TestTests.m; sourceTree = "<group>"; };
		04B9681919CA4A7F003B3FED /* DCTest.h */ = {isa = PBXFileReference; fileEncoding = 4; lastKnownFileType = sourcecode.c.h; path = DCTest.h; sourceTree = "<group>"; };
		04B9681A19CA4A7F003B3FED /* DCTest.m */ = {isa = PBXFileReference; fileEncoding = 4; lastKnownFileType = sourcecode.c.objc; path = DCTest.m; sourceTree = "<group>"; };
/* End PBXFileReference section */

/* Begin PBXFrameworksBuildPhase section */
		04B967DE19CA457F003B3FED /* Frameworks */ = {
			isa = PBXFrameworksBuildPhase;
			buildActionMask = 2147483647;
			files = (
				04B967E719CA457F003B3FED /* CoreGraphics.framework in Frameworks */,
				04B967E919CA457F003B3FED /* UIKit.framework in Frameworks */,
				04B967E519CA457F003B3FED /* Foundation.framework in Frameworks */,
			);
			runOnlyForDeploymentPostprocessing = 0;
		};
		04B967FF19CA457F003B3FED /* Frameworks */ = {
			isa = PBXFrameworksBuildPhase;
			buildActionMask = 2147483647;
			files = (
				04B9680419CA457F003B3FED /* XCTest.framework in Frameworks */,
				04B9680619CA457F003B3FED /* UIKit.framework in Frameworks */,
				04B9680519CA457F003B3FED /* Foundation.framework in Frameworks */,
			);
			runOnlyForDeploymentPostprocessing = 0;
		};
/* End PBXFrameworksBuildPhase section */

/* Begin PBXGroup section */
		04B967D819CA457F003B3FED = {
			isa = PBXGroup;
			children = (
				04B967EA19CA457F003B3FED /* Git Test */,
				04B9680919CA457F003B3FED /* Git TestTests */,
				04B967E319CA457F003B3FED /* Frameworks */,
				04B967E219CA457F003B3FED /* Products */,
			);
			sourceTree = "<group>";
		};
		04B967E219CA457F003B3FED /* Products */ = {
			isa = PBXGroup;
			children = (
				04B967E119CA457F003B3FED /* Git Test.app */,
				04B9680219CA457F003B3FED /* Git TestTests.xctest */,
			);
			name = Products;
			sourceTree = "<group>";
		};
		04B967E319CA457F003B3FED /* Frameworks */ = {
			isa = PBXGroup;
			children = (
				04B967E419CA457F003B3FED /* Foundation.framework */,
				04B967E619CA457F003B3FED /* CoreGraphics.framework */,
				04B967E819CA457F003B3FED /* UIKit.framework */,
				04B9680319CA457F003B3FED /* XCTest.framework */,
			);
			name = Frameworks;
			sourceTree = "<group>";
		};
		04B967EA19CA457F003B3FED /* Git Test */ = {
			isa = PBXGroup;
			children = (
				04B967F319CA457F003B3FED /* DCAppDelegate.h */,
				04B967F419CA457F003B3FED /* DCAppDelegate.m */,
				04B967F619CA457F003B3FED /* Main.storyboard */,
				04B967F919CA457F003B3FED /* DCViewController.h */,
				04B967FA19CA457F003B3FED /* DCViewController.m */,
				04B9681919CA4A7F003B3FED /* DCTest.h */,
				04B9681A19CA4A7F003B3FED /* DCTest.m */,
				04B967FC19CA457F003B3FED /* Images.xcassets */,
				04B967EB19CA457F003B3FED /* Supporting Files */,
			);
			path = "Git Test";
			sourceTree = "<group>";
		};
		04B967EB19CA457F003B3FED /* Supporting Files */ = {
			isa = PBXGroup;
			children = (
				04B967EC19CA457F003B3FED /* Git Test-Info.plist */,
				04B967ED19CA457F003B3FED /* InfoPlist.strings */,
				04B967F019CA457F003B3FED /* main.m */,
				04B967F219CA457F003B3FED /* Git Test-Prefix.pch */,
			);
			name = "Supporting Files";
			sourceTree = "<group>";
		};
		04B9680919CA457F003B3FED /* Git TestTests */ = {
			isa = PBXGroup;
			children = (
				04B9680F19CA457F003B3FED /* Git_TestTests.m */,
				04B9680A19CA457F003B3FED /* Supporting Files */,
			);
			path = "Git TestTests";
			sourceTree = "<group>";
		};
		04B9680A19CA457F003B3FED /* Supporting Files */ = {
			isa = PBXGroup;
			children = (
				04B9680B19CA457F003B3FED /* Git TestTests-Info.plist */,
				04B9680C19CA457F003B3FED /* InfoPlist.strings */,
			);
			name = "Supporting Files";
			sourceTree = "<group>";
		};
/* End PBXGroup section */

/* Begin PBXNativeTarget section */
		04B967E019CA457F003B3FED /* Git Test */ = {
			isa = PBXNativeTarget;
			buildConfigurationList = 04B9681319CA4580003B3FED /* Build configuration list for PBXNativeTarget "Git Test" */;
			buildPhases = (
				04B967DD19CA457F003B3FED /* Sources */,
				04B967DE19CA457F003B3FED /* Frameworks */,
				04B967DF19CA457F003B3FED /* Resources */,
			);
			buildRules = (
			);
			dependencies = (
			);
			name = "Git Test";
			productName = "Git Test";
			productReference = 04B967E119CA457F003B3FED /* Git Test.app */;
			productType = "com.apple.product-type.application";
		};
		04B9680119CA457F003B3FED /* Git TestTests */ = {
			isa = PBXNativeTarget;
			buildConfigurationList = 04B9681619CA4580003B3FED /* Build configuration list for PBXNativeTarget "Git TestTests" */;
			buildPhases = (
				04B967FE19CA457F003B3FED /* Sources */,
				04B967FF19CA457F003B3FED /* Frameworks */,
				04B9680019CA457F003B3FED /* Resources */,
			);
			buildRules = (
			);
			dependencies = (
				04B9680819CA457F003B3FED /* PBXTargetDependency */,
			);
			name = "Git TestTests";
			productName = "Git TestTests";
			productReference = 04B9680219CA457F003B3FED /* Git TestTests.xctest */;
			productType = "com.apple.product-type.bundle.unit-test";
		};
/* End PBXNativeTarget section */

/* Begin PBXProject section */
		04B967D919CA457F003B3FED /* Project object */ = {
			isa = PBXProject;
			attributes = {
				CLASSPREFIX = DC;
				LastUpgradeCheck = 0510;
				ORGANIZATIONNAME = Donchurru;
				TargetAttributes = {
					04B9680119CA457F003B3FED = {
						TestTargetID = 04B967E019CA457F003B3FED;
					};
				};
			};
			buildConfigurationList = 04B967DC19CA457F003B3FED /* Build configuration list for PBXProject "Git Test" */;
			compatibilityVersion = "Xcode 3.2";
			developmentRegion = English;
			hasScannedForEncodings = 0;
			knownRegions = (
				en,
				Base,
			);
			mainGroup = 04B967D819CA457F003B3FED;
			productRefGroup = 04B967E219CA457F003B3FED /* Products */;
			projectDirPath = "";
			projectRoot = "";
			targets = (
				04B967E019CA457F003B3FED /* Git Test */,
				04B9680119CA457F003B3FED /* Git TestTests */,
			);
		};
/* End PBXProject section */

/* Begin PBXResourcesBuildPhase section */
		04B967DF19CA457F003B3FED /* Resources */ = {
			isa = PBXResourcesBuildPhase;
			buildActionMask = 2147483647;
			files = (
				04B967FD19CA457F003B3FED /* Images.xcassets in Resources */,
				04B967EF19CA457F003B3FED /* InfoPlist.strings in Resources */,
				04B967F819CA457F003B3FED /* Main.storyboard in Resources */,
			);
			runOnlyForDeploymentPostprocessing = 0;
		};
		04B9680019CA457F003B3FED /* Resources */ = {
			isa = PBXResourcesBuildPhase;
			buildActionMask = 2147483647;
			files = (
				04B9680E19CA457F003B3FED /* InfoPlist.strings in Resources */,
			);
			runOnlyForDeploymentPostprocessing = 0;
		};
/* End PBXResourcesBuildPhase section */

/* Begin PBXSourcesBuildPhase section */
		04B967DD19CA457F003B3FED /* Sources */ = {
			isa = PBXSourcesBuildPhase;
			buildActionMask = 2147483647;
			files = (
				04B967F119CA457F003B3FED /* main.m in Sources */,
				04B967FB19CA457F003B3FED /* DCViewController.m in Sources */,
				04B9681B19CA4A7F003B3FED /* DCTest.m in Sources */,
				04B967F519CA457F003B3FED /* DCAppDelegate.m in Sources */,
			);
			runOnlyForDeploymentPostprocessing = 0;
		};
		04B967FE19CA457F003B3FED /* Sources */ = {
			isa = PBXSourcesBuildPhase;
			buildActionMask = 2147483647;
			files = (
				04B9681019CA457F003B3FED /* Git_TestTests.m in Sources */,
			);
			runOnlyForDeploymentPostprocessing = 0;
		};
/* End PBXSourcesBuildPhase section */

/* Begin PBXTargetDependency section */
		04B9680819CA457F003B3FED /* PBXTargetDependency */ = {
			isa = PBXTargetDependency;
			target = 04B967E019CA457F003B3FED /* Git Test */;
			targetProxy = 04B9680719CA457F003B3FED /* PBXContainerItemProxy */;
		};
/* End PBXTargetDependency section */

/* Begin PBXVariantGroup section */
		04B967ED19CA457F003B3FED /* InfoPlist.strings */ = {
			isa = PBXVariantGroup;
			children = (
				04B967EE19CA457F003B3FED /* en */,
			);
			name = InfoPlist.strings;
			sourceTree = "<group>";
		};
		04B967F619CA457F003B3FED /* Main.storyboard */ = {
			isa = PBXVariantGroup;
			children = (
				04B967F719CA457F003B3FED /* Base */,
			);
			name = Main.storyboard;
			sourceTree = "<group>";
		};
		04B9680C19CA457F003B3FED /* InfoPlist.strings */ = {
			isa = PBXVariantGroup;
			children = (
				04B9680D19CA457F003B3FED /* en */,
			);
			name = InfoPlist.strings;
			sourceTree = "<group>";
		};
/* End PBXVariantGroup section */

/* Begin XCBuildConfiguration section */
		04B9681119CA4580003B3FED /* Debug */ = {
			isa = XCBuildConfiguration;
			buildSettings = {
				ALWAYS_SEARCH_USER_PATHS = NO;
				CLANG_CXX_LANGUAGE_STANDARD = "gnu++0x";
				CLANG_CXX_LIBRARY = "libc++";
				CLANG_ENABLE_MODULES = YES;
				CLANG_ENABLE_OBJC_ARC = YES;
				CLANG_WARN_BOOL_CONVERSION = YES;
				CLANG_WARN_CONSTANT_CONVERSION = YES;
				CLANG_WARN_DIRECT_OBJC_ISA_USAGE = YES_ERROR;
				CLANG_WARN_EMPTY_BODY = YES;
				CLANG_WARN_ENUM_CONVERSION = YES;
				CLANG_WARN_INT_CONVERSION = YES;
				CLANG_WARN_OBJC_ROOT_CLASS = YES_ERROR;
				CLANG_WARN__DUPLICATE_METHOD_MATCH = YES;
				"CODE_SIGN_IDENTITY[sdk=iphoneos*]" = "iPhone Developer";
				COPY_PHASE_STRIP = NO;
				GCC_C_LANGUAGE_STANDARD = gnu99;
				GCC_DYNAMIC_NO_PIC = NO;
				GCC_OPTIMIZATION_LEVEL = 0;
				GCC_PREPROCESSOR_DEFINITIONS = (
					"DEBUG=1",
					"$(inherited)",
				);
				GCC_SYMBOLS_PRIVATE_EXTERN = NO;
				GCC_WARN_64_TO_32_BIT_CONVERSION = YES;
				GCC_WARN_ABOUT_RETURN_TYPE = YES_ERROR;
				GCC_WARN_UNDECLARED_SELECTOR = YES;
				GCC_WARN_UNINITIALIZED_AUTOS = YES_AGGRESSIVE;
				GCC_WARN_UNUSED_FUNCTION = YES;
				GCC_WARN_UNUSED_VARIABLE = YES;
				IPHONEOS_DEPLOYMENT_TARGET = 7.1;
				ONLY_ACTIVE_ARCH = YES;
				SDKROOT = iphoneos;
			};
			name = Debug;
		};
		04B9681219CA4580003B3FED /* Release */ = {
			isa = XCBuildConfiguration;
			buildSettings = {
				ALWAYS_SEARCH_USER_PATHS = NO;
				CLANG_CXX_LANGUAGE_STANDARD = "gnu++0x";
				CLANG_CXX_LIBRARY = "libc++";
				CLANG_ENABLE_MODULES = YES;
				CLANG_ENABLE_OBJC_ARC = YES;
				CLANG_WARN_BOOL_CONVERSION = YES;
				CLANG_WARN_CONSTANT_CONVERSION = YES;
				CLANG_WARN_DIRECT_OBJC_ISA_USAGE = YES_ERROR;
				CLANG_WARN_EMPTY_BODY = YES;
				CLANG_WARN_ENUM_CONVERSION = YES;
				CLANG_WARN_INT_CONVERSION = YES;
				CLANG_WARN_OBJC_ROOT_CLASS = YES_ERROR;
				CLANG_WARN__DUPLICATE_METHOD_MATCH = YES;
				"CODE_SIGN_IDENTITY[sdk=iphoneos*]" = "iPhone Developer";
				COPY_PHASE_STRIP = YES;
				ENABLE_NS_ASSERTIONS = NO;
				GCC_C_LANGUAGE_STANDARD = gnu99;
				GCC_WARN_64_TO_32_BIT_CONVERSION = YES;
				GCC_WARN_ABOUT_RETURN_TYPE = YES_ERROR;
				GCC_WARN_UNDECLARED_SELECTOR = YES;
				GCC_WARN_UNINITIALIZED_AUTOS = YES_AGGRESSIVE;
				GCC_WARN_UNUSED_FUNCTION = YES;
				GCC_WARN_UNUSED_VARIABLE = YES;
				IPHONEOS_DEPLOYMENT_TARGET = 7.1;
				SDKROOT = iphoneos;
				VALIDATE_PRODUCT = YES;
			};
			name = Release;
		};
		04B9681419CA4580003B3FED /* Debug */ = {
			isa = XCBuildConfiguration;
			buildSettings = {
				ASSETCATALOG_COMPILER_APPICON_NAME = AppIcon;
				ASSETCATALOG_COMPILER_LAUNCHIMAGE_NAME = LaunchImage;
				GCC_PRECOMPILE_PREFIX_HEADER = YES;
				GCC_PREFIX_HEADER = "Git Test/Git Test-Prefix.pch";
				INFOPLIST_FILE = "Git Test/Git Test-Info.plist";
				PRODUCT_NAME = "$(TARGET_NAME)";
				WRAPPER_EXTENSION = app;
			};
			name = Debug;
		};
		04B9681519CA4580003B3FED /* Release */ = {
			isa = XCBuildConfiguration;
			buildSettings = {
				ASSETCATALOG_COMPILER_APPICON_NAME = AppIcon;
				ASSETCATALOG_COMPILER_LAUNCHIMAGE_NAME = LaunchImage;
				GCC_PRECOMPILE_PREFIX_HEADER = YES;
				GCC_PREFIX_HEADER = "Git Test/Git Test-Prefix.pch";
				INFOPLIST_FILE = "Git Test/Git Test-Info.plist";
				PRODUCT_NAME = "$(TARGET_NAME)";
				WRAPPER_EXTENSION = app;
			};
			name = Release;
		};
		04B9681719CA4580003B3FED /* Debug */ = {
			isa = XCBuildConfiguration;
			buildSettings = {
				BUNDLE_LOADER = "$(BUILT_PRODUCTS_DIR)/Git Test.app/Git Test";
				FRAMEWORK_SEARCH_PATHS = (
					"$(SDKROOT)/Developer/Library/Frameworks",
					"$(inherited)",
					"$(DEVELOPER_FRAMEWORKS_DIR)",
				);
				GCC_PRECOMPILE_PREFIX_HEADER = YES;
				GCC_PREFIX_HEADER = "Git Test/Git Test-Prefix.pch";
				GCC_PREPROCESSOR_DEFINITIONS = (
					"DEBUG=1",
					"$(inherited)",
				);
				INFOPLIST_FILE = "Git TestTests/Git TestTests-Info.plist";
				PRODUCT_NAME = "$(TARGET_NAME)";
				TEST_HOST = "$(BUNDLE_LOADER)";
				WRAPPER_EXTENSION = xctest;
			};
			name = Debug;
		};
		04B9681819CA4580003B3FED /* Release */ = {
			isa = XCBuildConfiguration;
			buildSettings = {
				BUNDLE_LOADER = "$(BUILT_PRODUCTS_DIR)/Git Test.app/Git Test";
				FRAMEWORK_SEARCH_PATHS = (
					"$(SDKROOT)/Developer/Library/Frameworks",
					"$(inherited)",
					"$(DEVELOPER_FRAMEWORKS_DIR)",
				);
				GCC_PRECOMPILE_PREFIX_HEADER = YES;
				GCC_PREFIX_HEADER = "Git Test/Git Test-Prefix.pch";
				INFOPLIST_FILE = "Git TestTests/Git TestTests-Info.plist";
				PRODUCT_NAME = "$(TARGET_NAME)";
				TEST_HOST = "$(BUNDLE_LOADER)";
				WRAPPER_EXTENSION = xctest;
			};
			name = Release;
		};
/* End XCBuildConfiguration section */

/* Begin XCConfigurationList section */
		04B967DC19CA457F003B3FED /* Build configuration list for PBXProject "Git Test" */ = {
			isa = XCConfigurationList;
			buildConfigurations = (
				04B9681119CA4580003B3FED /* Debug */,
				04B9681219CA4580003B3FED /* Release */,
			);
			defaultConfigurationIsVisible = 0;
			defaultConfigurationName = Release;
		};
		04B9681319CA4580003B3FED /* Build configuration list for PBXNativeTarget "Git Test" */ = {
			isa = XCConfigurationList;
			buildConfigurations = (
				04B9681419CA4580003B3FED /* Debug */,
				04B9681519CA4580003B3FED /* Release */,
			);
			defaultConfigurationIsVisible = 0;
		};
		04B9681619CA4580003B3FED /* Build configuration list for PBXNativeTarget "Git TestTests" */ = {
			isa = XCConfigurationList;
			buildConfigurations = (
				04B9681719CA4580003B3FED /* Debug */,
				04B9681819CA4580003B3FED /* Release */,
			);
			defaultConfigurationIsVisible = 0;
		};
/* End XCConfigurationList section */
	};
	rootObject = 04B967D919CA457F003B3FED /* Project object */;
}
